
Microsoft Visual Studio Solution File, Format Version 12.00
# Visual Studio Version 17
VisualStudioVersion = 17.3.32901.215
MinimumVisualStudioVersion = 10.0.40219.1
Project("{9A19103F-16F7-4668-BE54-9A1E7A4F7556}") = "Services", "Services\Services.csproj", "{4DC18DF9-B4A3-4BF5-97BC-2A1AA729547D}"
EndProject
Project("{9A19103F-16F7-4668-BE54-9A1E7A4F7556}") = "Admin", "Admin\Admin.csproj", "{431F069E-77F8-443B-A848-FF6ED45B609E}"
EndProject
Project("{FAE04EC0-301F-11D3-BF4B-00C04F79EFBC}") = "Models", "Models\Models.csproj", "{7CB0DBD8-5D88-411C-A35A-E000C95E87DD}"
EndProject
Global
	GlobalSection(SolutionConfigurationPlatforms) = preSolution
		Debug|Any CPU = Debug|Any CPU
		Release|Any CPU = Release|Any CPU
	EndGlobalSection
	GlobalSection(ProjectConfigurationPlatforms) = postSolution
		{4DC18DF9-B4A3-4BF5-97BC-2A1AA729547D}.Debug|Any CPU.ActiveCfg = Debug|Any CPU
		{4DC18DF9-B4A3-4BF5-97BC-2A1AA729547D}.Debug|Any CPU.Build.0 = Debug|Any CPU
		{4DC18DF9-B4A3-4BF5-97BC-2A1AA729547D}.Release|Any CPU.ActiveCfg = Release|Any CPU
		{4DC18DF9-B4A3-4BF5-97BC-2A1AA729547D}.Release|Any CPU.Build.0 = Release|Any CPU
		{431F069E-77F8-443B-A848-FF6ED45B609E}.Debug|Any CPU.ActiveCfg = Debug|Any CPU
		{431F069E-77F8-443B-A848-FF6ED45B609E}.Debug|Any CPU.Build.0 = Debug|Any CPU
		{431F069E-77F8-443B-A848-FF6ED45B609E}.Release|Any CPU.ActiveCfg = Release|Any CPU
		{431F069E-77F8-443B-A848-FF6ED45B609E}.Release|Any CPU.Build.0 = Release|Any CPU
		{7CB0DBD8-5D88-411C-A35A-E000C95E87DD}.Debug|Any CPU.ActiveCfg = Debug|Any CPU
		{7CB0DBD8-5D88-411C-A35A-E000C95E87DD}.Debug|Any CPU.Build.0 = Debug|Any CPU
		{7CB0DBD8-5D88-411C-A35A-E000C95E87DD}.Release|Any CPU.ActiveCfg = Release|Any CPU
		{7CB0DBD8-5D88-411C-A35A-E000C95E87DD}.Release|Any CPU.Build.0 = Release|Any CPU
	EndGlobalSection
	GlobalSection(SolutionProperties) = preSolution
		HideSolutionNode = FALSE
	EndGlobalSection
	GlobalSection(ExtensibilityGlobals) = postSolution
		SolutionGuid = {9E7AA889-AC7F-4679-B88F-38808882A6C3}
	EndGlobalSection
EndGlobal
